
Microsoft Visual Studio Solution File, Format Version 12.00
# Visual Studio Version 17
VisualStudioVersion = 17.0.31912.275
MinimumVisualStudioVersion = 10.0.40219.1
Project("{9A19103F-16F7-4668-BE54-9A1E7A4F7556}") = "PerformanceCalculator", "PerformanceCalculator\PerformanceCalculator.csproj", "{F6789279-F22C-472C-891C-2A3DEF90616A}"
EndProject
Project("{9A19103F-16F7-4668-BE54-9A1E7A4F7556}") = "PerformanceCalculatorGUI", "PerformanceCalculatorGUI\PerformanceCalculatorGUI.csproj", "{BB34B7BA-CB01-4F5F-9532-B070F3A2C52E}"
EndProject
Global
	GlobalSection(SolutionConfigurationPlatforms) = preSolution
		Debug|Any CPU = Debug|Any CPU
		Release|Any CPU = Release|Any CPU
	EndGlobalSection
	GlobalSection(ProjectConfigurationPlatforms) = postSolution
		{F6789279-F22C-472C-891C-2A3DEF90616A}.Debug|Any CPU.ActiveCfg = Debug|Any CPU
		{F6789279-F22C-472C-891C-2A3DEF90616A}.Debug|Any CPU.Build.0 = Debug|Any CPU
		{F6789279-F22C-472C-891C-2A3DEF90616A}.Release|Any CPU.ActiveCfg = Release|Any CPU
		{F6789279-F22C-472C-891C-2A3DEF90616A}.Release|Any CPU.Build.0 = Release|Any CPU
		{BB34B7BA-CB01-4F5F-9532-B070F3A2C52E}.Debug|Any CPU.ActiveCfg = Debug|Any CPU
		{BB34B7BA-CB01-4F5F-9532-B070F3A2C52E}.Debug|Any CPU.Build.0 = Debug|Any CPU
		{BB34B7BA-CB01-4F5F-9532-B070F3A2C52E}.Release|Any CPU.ActiveCfg = Release|Any CPU
		{BB34B7BA-CB01-4F5F-9532-B070F3A2C52E}.Release|Any CPU.Build.0 = Release|Any CPU
	EndGlobalSection
	GlobalSection(SolutionProperties) = preSolution
		HideSolutionNode = FALSE
	EndGlobalSection
	GlobalSection(ExtensibilityGlobals) = postSolution
		SolutionGuid = {8D1E8065-217B-4075-81D2-D6789C77C952}
	EndGlobalSection
EndGlobal
